
Microsoft Visual Studio Solution File, Format Version 12.00
# Visual Studio Version 17
VisualStudioVersion = 17.3.32922.545
MinimumVisualStudioVersion = 10.0.40219.1
Project("{8BC9CEB8-8B4A-11D0-8D11-00A0C91BC942}") = "Project3", "Project3\Project3.vcxproj", "{B6AA7975-0078-4999-8DAC-AD628292D52A}"
EndProject
Global
	GlobalSection(SolutionConfigurationPlatforms) = preSolution
		Debug|x64 = Debug|x64
		Debug|x86 = Debug|x86
		Release|x64 = Release|x64
		Release|x86 = Release|x86
	EndGlobalSection
	GlobalSection(ProjectConfigurationPlatforms) = postSolution
		{B6AA7975-0078-4999-8DAC-AD628292D52A}.Debug|x64.ActiveCfg = Debug|x64
		{B6AA7975-0078-4999-8DAC-AD628292D52A}.Debug|x64.Build.0 = Debug|x64
		{B6AA7975-0078-4999-8DAC-AD628292D52A}.Debug|x86.ActiveCfg = Debug|Win32
		{B6AA7975-0078-4999-8DAC-AD628292D52A}.Debug|x86.Build.0 = Debug|Win32
		{B6AA7975-0078-4999-8DAC-AD628292D52A}.Release|x64.ActiveCfg = Release|x64
		{B6AA7975-0078-4999-8DAC-AD628292D52A}.Release|x64.Build.0 = Release|x64
		{B6AA7975-0078-4999-8DAC-AD628292D52A}.Release|x86.ActiveCfg = Release|Win32
		{B6AA7975-0078-4999-8DAC-AD628292D52A}.Release|x86.Build.0 = Release|Win32
	EndGlobalSection
	GlobalSection(SolutionProperties) = preSolution
		HideSolutionNode = FALSE
	EndGlobalSection
	GlobalSection(ExtensibilityGlobals) = postSolution
		SolutionGuid = {E4C9D1A5-EDBC-4748-86A9-A43FD408269A}
	EndGlobalSection
EndGlobal
